// !$*UTF8*$!
{
	archiveVersion = 1;
	classes = {
	};
	objectVersion = 77;
	objects = {

/* Begin PBXContainerItemProxy section */
		2D799EAA2E7A986800FA059E /* PBXContainerItemProxy */ = {
			isa = PBXContainerItemProxy;
			containerPortal = 2D799E932E7A986600FA059E /* Project object */;
			proxyType = 1;
			remoteGlobalIDString = 2D799E9A2E7A986600FA059E;
			remoteInfo = LastAudioMemoryBuffer;
		};
		2D799EB42E7A986800FA059E /* PBXContainerItemProxy */ = {
			isa = PBXContainerItemProxy;
			containerPortal = 2D799E932E7A986600FA059E /* Project object */;
			proxyType = 1;
			remoteGlobalIDString = 2D799E9A2E7A986600FA059E;
			remoteInfo = LastAudioMemoryBuffer;
		};
/* End PBXContainerItemProxy section */

/* Begin PBXFileReference section */
		2D799E9B2E7A986600FA059E /* LastAudioMemoryBuffer.app */ = {isa = PBXFileReference; explicitFileType = wrapper.application; includeInIndex = 0; path = LastAudioMemoryBuffer.app; sourceTree = BUILT_PRODUCTS_DIR; };
		2D799EA92E7A986800FA059E /* LastAudioMemoryBufferTests.xctest */ = {isa = PBXFileReference; explicitFileType = wrapper.cfbundle; includeInIndex = 0; path = LastAudioMemoryBufferTests.xctest; sourceTree = BUILT_PRODUCTS_DIR; };
		2D799EB32E7A986800FA059E /* LastAudioMemoryBufferUITests.xctest */ = {isa = PBXFileReference; explicitFileType = wrapper.cfbundle; includeInIndex = 0; path = LastAudioMemoryBufferUITests.xctest; sourceTree = BUILT_PRODUCTS_DIR; };
/* End PBXFileReference section */

/* Begin PBXFileSystemSynchronizedBuildFileExceptionSet section */
		2D799ED82E7AA0F400FA059E /* Exceptions for "LastAudioMemoryBuffer" folder in "LastAudioMemoryBuffer" target */ = {
			isa = PBXFileSystemSynchronizedBuildFileExceptionSet;
			membershipExceptions = (
				Info.plist,
			);
			target = 2D799E9A2E7A986600FA059E /* LastAudioMemoryBuffer */;
		};
/* End PBXFileSystemSynchronizedBuildFileExceptionSet section */

/* Begin PBXFileSystemSynchronizedRootGroup section */
		2D799E9D2E7A986600FA059E /* LastAudioMemoryBuffer */ = {
			isa = PBXFileSystemSynchronizedRootGroup;
			exceptions = (
				2D799ED82E7AA0F400FA059E /* Exceptions for "LastAudioMemoryBuffer" folder in "LastAudioMemoryBuffer" target */,
			);
			path = LastAudioMemoryBuffer;
			sourceTree = "<group>";
		};
		2D799EAC2E7A986800FA059E /* LastAudioMemoryBufferTests */ = {
			isa = PBXFileSystemSynchronizedRootGroup;
			path = LastAudioMemoryBufferTests;
			sourceTree = "<group>";
		};
		2D799EB62E7A986800FA059E /* LastAudioMemoryBufferUITests */ = {
			isa = PBXFileSystemSynchronizedRootGroup;
			path = LastAudioMemoryBufferUITests;
			sourceTree = "<group>";
		};
/* End PBXFileSystemSynchronizedRootGroup section */

/* Begin PBXFrameworksBuildPhase section */
		2D799E982E7A986600FA059E /* Frameworks */ = {
			isa = PBXFrameworksBuildPhase;
			buildActionMask = 2147483647;
			files = (
			);
			runOnlyForDeploymentPostprocessing = 0;
		};
		2D799EA62E7A986800FA059E /* Frameworks */ = {
			isa = PBXFrameworksBuildPhase;
			buildActionMask = 2147483647;
			files = (
			);
			runOnlyForDeploymentPostprocessing = 0;
		};
		2D799EB02E7A986800FA059E /* Frameworks */ = {
			isa = PBXFrameworksBuildPhase;
			buildActionMask = 2147483647;
			files = (
			);
			runOnlyForDeploymentPostprocessing = 0;
		};
/* End PBXFrameworksBuildPhase section */

/* Begin PBXGroup section */
		2D799E922E7A986600FA059E = {
			isa = PBXGroup;
			children = (
				2D799E9D2E7A986600FA059E /* LastAudioMemoryBuffer */,
				2D799EAC2E7A986800FA059E /* LastAudioMemoryBufferTests */,
				2D799EB62E7A986800FA059E /* LastAudioMemoryBufferUITests */,
				2D799E9C2E7A986600FA059E /* Products */,
			);
			sourceTree = "<group>";
		};
		2D799E9C2E7A986600FA059E /* Products */ = {
			isa = PBXGroup;
			children = (
				2D799E9B2E7A986600FA059E /* LastAudioMemoryBuffer.app */,
				2D799EA92E7A986800FA059E /* LastAudioMemoryBufferTests.xctest */,
				2D799EB32E7A986800FA059E /* LastAudioMemoryBufferUITests.xctest */,
			);
			name = Products;
			sourceTree = "<group>";
		};
/* End PBXGroup section */

/* Begin PBXNativeTarget section */
		2D799E9A2E7A986600FA059E /* LastAudioMemoryBuffer */ = {
			isa = PBXNativeTarget;
			buildConfigurationList = 2D799EBD2E7A986800FA059E /* Build configuration list for PBXNativeTarget "LastAudioMemoryBuffer" */;
			buildPhases = (
				2D799E972E7A986600FA059E /* Sources */,
				2D799E982E7A986600FA059E /* Frameworks */,
				2D799E992E7A986600FA059E /* Resources */,
			);
			buildRules = (
			);
			dependencies = (
			);
			fileSystemSynchronizedGroups = (
				2D799E9D2E7A986600FA059E /* LastAudioMemoryBuffer */,
			);
			name = LastAudioMemoryBuffer;
			packageProductDependencies = (
			);
			productName = LastAudioMemoryBuffer;
			productReference = 2D799E9B2E7A986600FA059E /* LastAudioMemoryBuffer.app */;
			productType = "com.apple.product-type.application";
		};
		2D799EA82E7A986800FA059E /* LastAudioMemoryBufferTests */ = {
			isa = PBXNativeTarget;
			buildConfigurationList = 2D799EC02E7A986800FA059E /* Build configuration list for PBXNativeTarget "LastAudioMemoryBufferTests" */;
			buildPhases = (
				2D799EA52E7A986800FA059E /* Sources */,
				2D799EA62E7A986800FA059E /* Frameworks */,
				2D799EA72E7A986800FA059E /* Resources */,
			);
			buildRules = (
			);
			dependencies = (
				2D799EAB2E7A986800FA059E /* PBXTargetDependency */,
			);
			fileSystemSynchronizedGroups = (
				2D799EAC2E7A986800FA059E /* LastAudioMemoryBufferTests */,
			);
			name = LastAudioMemoryBufferTests;
			packageProductDependencies = (
			);
			productName = LastAudioMemoryBufferTests;
			productReference = 2D799EA92E7A986800FA059E /* LastAudioMemoryBufferTests.xctest */;
			productType = "com.apple.product-type.bundle.unit-test";
		};
		2D799EB22E7A986800FA059E /* LastAudioMemoryBufferUITests */ = {
			isa = PBXNativeTarget;
			buildConfigurationList = 2D799EC32E7A986800FA059E /* Build configuration list for PBXNativeTarget "LastAudioMemoryBufferUITests" */;
			buildPhases = (
				2D799EAF2E7A986800FA059E /* Sources */,
				2D799EB02E7A986800FA059E /* Frameworks */,
				2D799EB12E7A986800FA059E /* Resources */,
			);
			buildRules = (
			);
			dependencies = (
				2D799EB52E7A986800FA059E /* PBXTargetDependency */,
			);
			fileSystemSynchronizedGroups = (
				2D799EB62E7A986800FA059E /* LastAudioMemoryBufferUITests */,
			);
			name = LastAudioMemoryBufferUITests;
			packageProductDependencies = (
			);
			productName = LastAudioMemoryBufferUITests;
			productReference = 2D799EB32E7A986800FA059E /* LastAudioMemoryBufferUITests.xctest */;
			productType = "com.apple.product-type.bundle.ui-testing";
		};
/* End PBXNativeTarget section */

/* Begin PBXProject section */
		2D799E932E7A986600FA059E /* Project object */ = {
			isa = PBXProject;
			attributes = {
				BuildIndependentTargetsInParallel = 1;
				LastSwiftUpdateCheck = 1640;
				LastUpgradeCheck = 1640;
				TargetAttributes = {
					2D799E9A2E7A986600FA059E = {
						CreatedOnToolsVersion = 16.4;
					};
					2D799EA82E7A986800FA059E = {
						CreatedOnToolsVersion = 16.4;
						TestTargetID = 2D799E9A2E7A986600FA059E;
					};
					2D799EB22E7A986800FA059E = {
						CreatedOnToolsVersion = 16.4;
						TestTargetID = 2D799E9A2E7A986600FA059E;
					};
				};
			};
			buildConfigurationList = 2D799E962E7A986600FA059E /* Build configuration list for PBXProject "LastAudioMemoryBuffer" */;
			developmentRegion = en;
			hasScannedForEncodings = 0;
			knownRegions = (
				en,
				Base,
			);
			mainGroup = 2D799E922E7A986600FA059E;
			minimizedProjectReferenceProxies = 1;
			preferredProjectObjectVersion = 77;
			productRefGroup = 2D799E9C2E7A986600FA059E /* Products */;
			projectDirPath = "";
			projectRoot = "";
			targets = (
				2D799E9A2E7A986600FA059E /* LastAudioMemoryBuffer */,
				2D799EA82E7A986800FA059E /* LastAudioMemoryBufferTests */,
				2D799EB22E7A986800FA059E /* LastAudioMemoryBufferUITests */,
			);
		};
/* End PBXProject section */

/* Begin PBXResourcesBuildPhase section */
		2D799E992E7A986600FA059E /* Resources */ = {
			isa = PBXResourcesBuildPhase;
			buildActionMask = 2147483647;
			files = (
			);
			runOnlyForDeploymentPostprocessing = 0;
		};
		2D799EA72E7A986800FA059E /* Resources */ = {
			isa = PBXResourcesBuildPhase;
			buildActionMask = 2147483647;
			files = (
			);
			runOnlyForDeploymentPostprocessing = 0;
		};
		2D799EB12E7A986800FA059E /* Resources */ = {
			isa = PBXResourcesBuildPhase;
			buildActionMask = 2147483647;
			files = (
			);
			runOnlyForDeploymentPostprocessing = 0;
		};
/* End PBXResourcesBuildPhase section */

/* Begin PBXSourcesBuildPhase section */
		2D799E972E7A986600FA059E /* Sources */ = {
			isa = PBXSourcesBuildPhase;
			buildActionMask = 2147483647;
			files = (
			);
			runOnlyForDeploymentPostprocessing = 0;
		};
		2D799EA52E7A986800FA059E /* Sources */ = {
			isa = PBXSourcesBuildPhase;
			buildActionMask = 2147483647;
			files = (
			);
			runOnlyForDeploymentPostprocessing = 0;
		};
		2D799EAF2E7A986800FA059E /* Sources */ = {
			isa = PBXSourcesBuildPhase;
			buildActionMask = 2147483647;
			files = (
			);
			runOnlyForDeploymentPostprocessing = 0;
		};
/* End PBXSourcesBuildPhase section */

/* Begin PBXTargetDependency section */
		2D799EAB2E7A986800FA059E /* PBXTargetDependency */ = {
			isa = PBXTargetDependency;
			target = 2D799E9A2E7A986600FA059E /* LastAudioMemoryBuffer */;
			targetProxy = 2D799EAA2E7A986800FA059E /* PBXContainerItemProxy */;
		};
		2D799EB52E7A986800FA059E /* PBXTargetDependency */ = {
			isa = PBXTargetDependency;
			target = 2D799E9A2E7A986600FA059E /* LastAudioMemoryBuffer */;
			targetProxy = 2D799EB42E7A986800FA059E /* PBXContainerItemProxy */;
		};
/* End PBXTargetDependency section */

/* Begin XCBuildConfiguration section */
		2D799EBB2E7A986800FA059E /* Debug */ = {
			isa = XCBuildConfiguration;
			buildSettings = {
				ALWAYS_SEARCH_USER_PATHS = NO;
				ASSETCATALOG_COMPILER_GENERATE_SWIFT_ASSET_SYMBOL_EXTENSIONS = YES;
				CLANG_ANALYZER_NONNULL = YES;
				CLANG_ANALYZER_NUMBER_OBJECT_CONVERSION = YES_AGGRESSIVE;
				CLANG_CXX_LANGUAGE_STANDARD = "gnu++20";
				CLANG_ENABLE_MODULES = YES;
				CLANG_ENABLE_OBJC_ARC = YES;
				CLANG_ENABLE_OBJC_WEAK = YES;
				CLANG_WARN_BLOCK_CAPTURE_AUTORELEASING = YES;
				CLANG_WARN_BOOL_CONVERSION = YES;
				CLANG_WARN_COMMA = YES;
				CLANG_WARN_CONSTANT_CONVERSION = YES;
				CLANG_WARN_DEPRECATED_OBJC_IMPLEMENTATIONS = YES;
				CLANG_WARN_DIRECT_OBJC_ISA_USAGE = YES_ERROR;
				CLANG_WARN_DOCUMENTATION_COMMENTS = YES;
				CLANG_WARN_EMPTY_BODY = YES;
				CLANG_WARN_ENUM_CONVERSION = YES;
				CLANG_WARN_INFINITE_RECURSION = YES;
				CLANG_WARN_INT_CONVERSION = YES;
				CLANG_WARN_NON_LITERAL_NULL_CONVERSION = YES;
				CLANG_WARN_OBJC_IMPLICIT_RETAIN_SELF = YES;
				CLANG_WARN_OBJC_LITERAL_CONVERSION = YES;
				CLANG_WARN_OBJC_ROOT_CLASS = YES_ERROR;
				CLANG_WARN_QUOTED_INCLUDE_IN_FRAMEWORK_HEADER = YES;
				CLANG_WARN_RANGE_LOOP_ANALYSIS = YES;
				CLANG_WARN_STRICT_PROTOTYPES = YES;
				CLANG_WARN_SUSPICIOUS_MOVE = YES;
				CLANG_WARN_UNGUARDED_AVAILABILITY = YES_AGGRESSIVE;
				CLANG_WARN_UNREACHABLE_CODE = YES;
				CLANG_WARN__DUPLICATE_METHOD_MATCH = YES;
				COPY_PHASE_STRIP = NO;
				DEBUG_INFORMATION_FORMAT = dwarf;
				ENABLE_STRICT_OBJC_MSGSEND = YES;
				ENABLE_TESTABILITY = YES;
				ENABLE_USER_SCRIPT_SANDBOXING = YES;
				GCC_C_LANGUAGE_STANDARD = gnu17;
				GCC_DYNAMIC_NO_PIC = NO;
				GCC_NO_COMMON_BLOCKS = YES;
				GCC_OPTIMIZATION_LEVEL = 0;
				GCC_PREPROCESSOR_DEFINITIONS = (
					"DEBUG=1",
					"$(inherited)",
				);
				GCC_WARN_64_TO_32_BIT_CONVERSION = YES;
				GCC_WARN_ABOUT_RETURN_TYPE = YES_ERROR;
				GCC_WARN_UNDECLARED_SELECTOR = YES;
				GCC_WARN_UNINITIALIZED_AUTOS = YES_AGGRESSIVE;
				GCC_WARN_UNUSED_FUNCTION = YES;
				GCC_WARN_UNUSED_VARIABLE = YES;
				LOCALIZATION_PREFERS_STRING_CATALOGS = YES;
				MACOSX_DEPLOYMENT_TARGET = 15.5;
				MTL_ENABLE_DEBUG_INFO = INCLUDE_SOURCE;
				MTL_FAST_MATH = YES;
				ONLY_ACTIVE_ARCH = YES;
				SDKROOT = macosx;
				SWIFT_ACTIVE_COMPILATION_CONDITIONS = "DEBUG $(inherited)";
				SWIFT_OPTIMIZATION_LEVEL = "-Onone";
			};
			name = Debug;
		};
		2D799EBC2E7A986800FA059E /* Release */ = {
			isa = XCBuildConfiguration;
			buildSettings = {
				ALWAYS_SEARCH_USER_PATHS = NO;
				ASSETCATALOG_COMPILER_GENERATE_SWIFT_ASSET_SYMBOL_EXTENSIONS = YES;
				CLANG_ANALYZER_NONNULL = YES;
				CLANG_ANALYZER_NUMBER_OBJECT_CONVERSION = YES_AGGRESSIVE;
				CLANG_CXX_LANGUAGE_STANDARD = "gnu++20";
				CLANG_ENABLE_MODULES = YES;
				CLANG_ENABLE_OBJC_ARC = YES;
				CLANG_ENABLE_OBJC_WEAK = YES;
				CLANG_WARN_BLOCK_CAPTURE_AUTORELEASING = YES;
				CLANG_WARN_BOOL_CONVERSION = YES;
				CLANG_WARN_COMMA = YES;
				CLANG_WARN_CONSTANT_CONVERSION = YES;
				CLANG_WARN_DEPRECATED_OBJC_IMPLEMENTATIONS = YES;
				CLANG_WARN_DIRECT_OBJC_ISA_USAGE = YES_ERROR;
				CLANG_WARN_DOCUMENTATION_COMMENTS = YES;
				CLANG_WARN_EMPTY_BODY = YES;
				CLANG_WARN_ENUM_CONVERSION = YES;
				CLANG_WARN_INFINITE_RECURSION = YES;
				CLANG_WARN_INT_CONVERSION = YES;
				CLANG_WARN_NON_LITERAL_NULL_CONVERSION = YES;
				CLANG_WARN_OBJC_IMPLICIT_RETAIN_SELF = YES;
				CLANG_WARN_OBJC_LITERAL_CONVERSION = YES;
				CLANG_WARN_OBJC_ROOT_CLASS = YES_ERROR;
				CLANG_WARN_QUOTED_INCLUDE_IN_FRAMEWORK_HEADER = YES;
				CLANG_WARN_RANGE_LOOP_ANALYSIS = YES;
				CLANG_WARN_STRICT_PROTOTYPES = YES;
				CLANG_WARN_SUSPICIOUS_MOVE = YES;
				CLANG_WARN_UNGUARDED_AVAILABILITY = YES_AGGRESSIVE;
				CLANG_WARN_UNREACHABLE_CODE = YES;
				CLANG_WARN__DUPLICATE_METHOD_MATCH = YES;
				COPY_PHASE_STRIP = NO;
				DEBUG_INFORMATION_FORMAT = "dwarf-with-dsym";
				ENABLE_NS_ASSERTIONS = NO;
				ENABLE_STRICT_OBJC_MSGSEND = YES;
				ENABLE_USER_SCRIPT_SANDBOXING = YES;
				GCC_C_LANGUAGE_STANDARD = gnu17;
				GCC_NO_COMMON_BLOCKS = YES;
				GCC_WARN_64_TO_32_BIT_CONVERSION = YES;
				GCC_WARN_ABOUT_RETURN_TYPE = YES_ERROR;
				GCC_WARN_UNDECLARED_SELECTOR = YES;
				GCC_WARN_UNINITIALIZED_AUTOS = YES_AGGRESSIVE;
				GCC_WARN_UNUSED_FUNCTION = YES;
				GCC_WARN_UNUSED_VARIABLE = YES;
				LOCALIZATION_PREFERS_STRING_CATALOGS = YES;
				MACOSX_DEPLOYMENT_TARGET = 15.5;
				MTL_ENABLE_DEBUG_INFO = NO;
				MTL_FAST_MATH = YES;
				SDKROOT = macosx;
				SWIFT_COMPILATION_MODE = wholemodule;
			};
			name = Release;
		};
		2D799EBE2E7A986800FA059E /* Debug */ = {
			isa = XCBuildConfiguration;
			buildSettings = {
				ASSETCATALOG_COMPILER_APPICON_NAME = AppIcon;
				ASSETCATALOG_COMPILER_GLOBAL_ACCENT_COLOR_NAME = AccentColor;
				CODE_SIGN_ENTITLEMENTS = LastAudioMemoryBuffer/LastAudioMemoryBuffer.entitlements;
				CODE_SIGN_STYLE = Automatic;
				COMBINE_HIDPI_IMAGES = YES;
				CURRENT_PROJECT_VERSION = 1;
				ENABLE_HARDENED_RUNTIME = YES;
				ENABLE_PREVIEWS = YES;
				GENERATE_INFOPLIST_FILE = YES;
				INFOPLIST_FILE = LastAudioMemoryBuffer/Info.plist;
				INFOPLIST_KEY_LSApplicationCategoryType = "";
				INFOPLIST_KEY_LSUIElement = YES;
				INFOPLIST_KEY_NSHumanReadableCopyright = "";
				INFOPLIST_KEY_NSMicrophoneUsageDescription = "The microphone devices you select will be listening at all times and your audio will be in RAM.";
				LD_RUNPATH_SEARCH_PATHS = (
					"$(inherited)",
					"@executable_path/../Frameworks",
				);
				MARKETING_VERSION = 1.0;
				PRODUCT_BUNDLE_IDENTIFIER = com.brb.LastAudioMemoryBuffer;
				PRODUCT_NAME = "$(TARGET_NAME)";
				REGISTER_APP_GROUPS = YES;
				SWIFT_EMIT_LOC_STRINGS = YES;
				SWIFT_VERSION = 5.0;
			};
			name = Debug;
		};
		2D799EBF2E7A986800FA059E /* Release */ = {
			isa = XCBuildConfiguration;
			buildSettings = {
				ASSETCATALOG_COMPILER_APPICON_NAME = AppIcon;
				ASSETCATALOG_COMPILER_GLOBAL_ACCENT_COLOR_NAME = AccentColor;
				CODE_SIGN_ENTITLEMENTS = LastAudioMemoryBuffer/LastAudioMemoryBuffer.entitlements;
				CODE_SIGN_STYLE = Automatic;
				COMBINE_HIDPI_IMAGES = YES;
				CURRENT_PROJECT_VERSION = 1;
				ENABLE_HARDENED_RUNTIME = YES;
				ENABLE_PREVIEWS = YES;
				GENERATE_INFOPLIST_FILE = YES;
				INFOPLIST_FILE = LastAudioMemoryBuffer/Info.plist;
				INFOPLIST_KEY_LSApplicationCategoryType = "";
				INFOPLIST_KEY_LSUIElement = YES;
				INFOPLIST_KEY_NSHumanReadableCopyright = "";
				INFOPLIST_KEY_NSMicrophoneUsageDescription = "The microphone devices you select will be listening at all times and your audio will be in RAM.";
				LD_RUNPATH_SEARCH_PATHS = (
					"$(inherited)",
					"@executable_path/../Frameworks",
				);
				MARKETING_VERSION = 1.0;
				PRODUCT_BUNDLE_IDENTIFIER = com.brb.LastAudioMemoryBuffer;
				PRODUCT_NAME = "$(TARGET_NAME)";
				REGISTER_APP_GROUPS = YES;
				SWIFT_EMIT_LOC_STRINGS = YES;
				SWIFT_VERSION = 5.0;
			};
			name = Release;
		};
		2D799EC12E7A986800FA059E /* Debug */ = {
			isa = XCBuildConfiguration;
			buildSettings = {
				BUNDLE_LOADER = "$(TEST_HOST)";
				CODE_SIGN_STYLE = Automatic;
				CURRENT_PROJECT_VERSION = 1;
				GENERATE_INFOPLIST_FILE = YES;
				MACOSX_DEPLOYMENT_TARGET = 15.5;
				MARKETING_VERSION = 1.0;
				PRODUCT_BUNDLE_IDENTIFIER = com.brb.LastAudioMemoryBufferTests;
				PRODUCT_NAME = "$(TARGET_NAME)";
				SWIFT_EMIT_LOC_STRINGS = NO;
				SWIFT_VERSION = 5.0;
				TEST_HOST = "$(BUILT_PRODUCTS_DIR)/LastAudioMemoryBuffer.app/$(BUNDLE_EXECUTABLE_FOLDER_PATH)/LastAudioMemoryBuffer";
			};
			name = Debug;
		};
		2D799EC22E7A986800FA059E /* Release */ = {
			isa = XCBuildConfiguration;
			buildSettings = {
				BUNDLE_LOADER = "$(TEST_HOST)";
				CODE_SIGN_STYLE = Automatic;
				CURRENT_PROJECT_VERSION = 1;
				GENERATE_INFOPLIST_FILE = YES;
				MACOSX_DEPLOYMENT_TARGET = 15.5;
				MARKETING_VERSION = 1.0;
				PRODUCT_BUNDLE_IDENTIFIER = com.brb.LastAudioMemoryBufferTests;
				PRODUCT_NAME = "$(TARGET_NAME)";
				SWIFT_EMIT_LOC_STRINGS = NO;
				SWIFT_VERSION = 5.0;
				TEST_HOST = "$(BUILT_PRODUCTS_DIR)/LastAudioMemoryBuffer.app/$(BUNDLE_EXECUTABLE_FOLDER_PATH)/LastAudioMemoryBuffer";
			};
			name = Release;
		};
		2D799EC42E7A986800FA059E /* Debug */ = {
			isa = XCBuildConfiguration;
			buildSettings = {
				CODE_SIGN_STYLE = Automatic;
				CURRENT_PROJECT_VERSION = 1;
				GENERATE_INFOPLIST_FILE = YES;
				MARKETING_VERSION = 1.0;
				PRODUCT_BUNDLE_IDENTIFIER = com.brb.LastAudioMemoryBufferUITests;
				PRODUCT_NAME = "$(TARGET_NAME)";
				SWIFT_EMIT_LOC_STRINGS = NO;
				SWIFT_VERSION = 5.0;
				TEST_TARGET_NAME = LastAudioMemoryBuffer;
			};
			name = Debug;
		};
		2D799EC52E7A986800FA059E /* Release */ = {
			isa = XCBuildConfiguration;
			buildSettings = {
				CODE_SIGN_STYLE = Automatic;
				CURRENT_PROJECT_VERSION = 1;
				GENERATE_INFOPLIST_FILE = YES;
				MARKETING_VERSION = 1.0;
				PRODUCT_BUNDLE_IDENTIFIER = com.brb.LastAudioMemoryBufferUITests;
				PRODUCT_NAME = "$(TARGET_NAME)";
				SWIFT_EMIT_LOC_STRINGS = NO;
				SWIFT_VERSION = 5.0;
				TEST_TARGET_NAME = LastAudioMemoryBuffer;
			};
			name = Release;
		};
/* End XCBuildConfiguration section */

/* Begin XCConfigurationList section */
		2D799E962E7A986600FA059E /* Build configuration list for PBXProject "LastAudioMemoryBuffer" */ = {
			isa = XCConfigurationList;
			buildConfigurations = (
				2D799EBB2E7A986800FA059E /* Debug */,
				2D799EBC2E7A986800FA059E /* Release */,
			);
			defaultConfigurationIsVisible = 0;
			defaultConfigurationName = Release;
		};
		2D799EBD2E7A986800FA059E /* Build configuration list for PBXNativeTarget "LastAudioMemoryBuffer" */ = {
			isa = XCConfigurationList;
			buildConfigurations = (
				2D799EBE2E7A986800FA059E /* Debug */,
				2D799EBF2E7A986800FA059E /* Release */,
			);
			defaultConfigurationIsVisible = 0;
			defaultConfigurationName = Release;
		};
		2D799EC02E7A986800FA059E /* Build configuration list for PBXNativeTarget "LastAudioMemoryBufferTests" */ = {
			isa = XCConfigurationList;
			buildConfigurations = (
				2D799EC12E7A986800FA059E /* Debug */,
				2D799EC22E7A986800FA059E /* Release */,
			);
			defaultConfigurationIsVisible = 0;
			defaultConfigurationName = Release;
		};
		2D799EC32E7A986800FA059E /* Build configuration list for PBXNativeTarget "LastAudioMemoryBufferUITests" */ = {
			isa = XCConfigurationList;
			buildConfigurations = (
				2D799EC42E7A986800FA059E /* Debug */,
				2D799EC52E7A986800FA059E /* Release */,
			);
			defaultConfigurationIsVisible = 0;
			defaultConfigurationName = Release;
		};
/* End XCConfigurationList section */
	};
	rootObject = 2D799E932E7A986600FA059E /* Project object */;
}
